# THIS IS AN AUTOGENERATED FILE. DO NOT EDIT THIS FILE DIRECTLY.
# yarn lockfile v1


"@types/node@^20.11.26":
  version "20.17.16"
  resolved "https://registry.yarnpkg.com/@types/node/-/node-20.17.16.tgz#b33b0edc1bf925b27349e494b871ca4451fabab4"
  integrity sha512-vOTpLduLkZXePLxHiHsBLp98mHGnl8RptV4YAO3HfKO5UHjDvySGbxKtpYfy8Sx5+WKcgc45qNreJJRVM3L6mw==
  dependencies:
    undici-types "~6.19.2"

arangojs@^10.1.1:
  version "10.1.1"
  resolved "https://registry.yarnpkg.com/arangojs/-/arangojs-10.1.1.tgz#b65f186278ceb6cec1e7b228d577a5731d48948f"
  integrity sha512-nzQFBvJFEGVdaRFWqe4KyZ4ziHis3ULa4U0Hks0K37Fc1mkSJweKRtu+fL0XSn6mPz0SzxJJjXbX/fMWqfr8/g==
  dependencies:
    "@types/node" "^20.11.26"

typescript@^5.7.3:
  version "5.7.3"
  resolved "https://registry.yarnpkg.com/typescript/-/typescript-5.7.3.tgz#919b44a7dbb8583a9b856d162be24a54bf80073e"
  integrity sha512-84MVSjMEHP+FQRPy3pX9sTVV/INIex71s9TL2Gm5FG/WG1SqXeKyZ0k7/blY/4FdOzI12CBy1vGc4og/eus0fw==

undici-types@~6.19.2:
  version "6.19.8"
  resolved "https://registry.yarnpkg.com/undici-types/-/undici-types-6.19.8.tgz#35111c9d1437ab83a7cdc0abae2f26d88eda0a02"
  integrity sha512-ve2KP6f/JnbPBFyobGHuerC9g1FYGn/F8n1LWTwNxCEzd6IfqTwUQcNXgEtmmQ6DlRrC1hrSrBnCZPokRrDHjw==
